{
  "version": 1,
  "dependencies": {
    "net10.0": {
      "AspNetCore.HealthChecks.UI.Client": {
        "type": "Direct",
        "requested": "[9.0.0, )",
        "resolved": "9.0.0",
        "contentHash": "1Ub3Wvvbz7CMuFNWgLEc9qqQibiMoovDML/WHrwr5J83RPgtI20giCR92s/ipLgu7IIuqw+W/y7WpIeHqAICxg==",
        "dependencies": {
          "AspNetCore.HealthChecks.UI.Core": "9.0.0"
        }
      },
      "AsyncFixer": {
        "type": "Direct",
        "requested": "[2.1.0, )",
        "resolved": "2.1.0",
        "contentHash": "OOHNlH7GF39qk0Pv4cIQWA99hUh3nujDgGE2nADPpw88lD7s2qwlxEhuJIBfstC8ng3B1yY6SQy2JW/tddlMAQ=="
      },
      "Discord.Net": {
        "type": "Direct",
        "requested": "[3.20.1, )",
        "resolved": "3.20.1",
        "contentHash": "w2FlsFEWtjXURyDsTvxpYhnkCxF4M04o4m5qc672bOcKvQQB+DE+HnpumaHPVzIbWAhxfT20tpHTpeR/Od41hg==",
        "dependencies": {
          "Discord.Net.Commands": "3.20.1",
          "Discord.Net.Core": "3.20.1",
          "Discord.Net.Interactions": "3.20.1",
          "Discord.Net.Rest": "3.20.1",
          "Discord.Net.WebSocket": "3.20.1",
          "Discord.Net.Webhook": "3.20.1"
        }
      },
      "Humanizer.Core": {
        "type": "Direct",
        "requested": "[3.0.10, )",
        "resolved": "3.0.10",
        "contentHash": "yZIhtw8sYuvsONzQbZxWpR60tMWYHXoo0DL6nyOqSFiU5POjBTSEyWFpTQtJEZuy+oqiYTXKXY/Mjx7KnqIQFw=="
      },
      "IDisposableAnalyzers": {
        "type": "Direct",
        "requested": "[4.0.8, )",
        "resolved": "4.0.8",
        "contentHash": "vNi4NMG0CcJyjXxiNDcQ21FwV/whM9o9OEZKD+oP7tuxAqFEzX/x5OhC3OZJqW/w+8GOtCmJPBquYgMWgz0rfQ=="
      },
      "Markdig.Signed": {
        "type": "Direct",
        "requested": "[1.4.0, )",
        "resolved": "1.4.0",
        "contentHash": "qCRMzlmmkBOy2mo1vH58+6YoxRLuT79izKoGUyveRLqploap0Pg7/y1smZZa1i9OCy0ATfB8v5yOEuSUb9DPXw=="
      },
      "Mediator.Abstractions": {
        "type": "Direct",
        "requested": "[3.0.2, )",
        "resolved": "3.0.2",
        "contentHash": "TytjnyN8gLObZBxkM7HHPFJF3LHtk6Y8mHW56ONuXRuVEK6Fmed3f0z79H9TpmoZQP2zQAIS4/0O9R2w0v02qw=="
      },
      "Mediator.SourceGenerator": {
        "type": "Direct",
        "requested": "[3.0.2, )",
        "resolved": "3.0.2",
        "contentHash": "yGQzb8Or3nGsQJnVUQIQHr/04LeThd3qMZV0gvgMtXdgH35Rw2xJ2XyQ87v6HhNYOUZ2iirRjUWceebyNKMF7Q=="
      },
      "Microsoft.Extensions.Http.Resilience": {
        "type": "Direct",
        "requested": "[10.10.0, )",
        "resolved": "10.10.0",
        "contentHash": "KZw4jCU4RxHwjOXS7BUal3CnaupEJdGkJ9tPzE1Y2CR5x6IHMuxc6vNNWDiFIlnMa1TKGkta/Dfz3DQiFF1fxQ==",
        "dependencies": {
          "Microsoft.Extensions.Http.Diagnostics": "10.10.0",
          "Microsoft.Extensions.Resilience": "10.10.0"
        }
      },
      "Microsoft.VisualStudio.Threading.Analyzers": {
        "type": "Direct",
        "requested": "[18.7.23, )",
        "resolved": "18.7.23",
        "contentHash": "dyj6z8m+LFjpeH69hdnciCcRCmD0YgMlvuQEywiEshjqj/blgQ+PuWX8Vd5gkWQFoBN4e+TFxx6DvGNSv/gIKg=="
      },
      "OpenTelemetry.Exporter.OpenTelemetryProtocol": {
        "type": "Direct",
        "requested": "[1.19.1, )",
        "resolved": "1.19.1",
        "contentHash": "vsYYOBf/KxNubnuoja8pjJ9LG0zCC9HAYPay+R6N5ZKZMbhNdKWbaq6JZqJqTvK+55rudiqErJySekf9ql8okA==",
        "dependencies": {
          "OpenTelemetry": "1.19.1"
        }
      },
      "OpenTelemetry.Extensions.Hosting": {
        "type": "Direct",
        "requested": "[1.19.1, )",
        "resolved": "1.19.1",
        "contentHash": "3qqZfVmW8mKA2/fRwI83o8z+yZd33KbEqRlXrlX0+3e/U7i+z0MQiCr0L3Axxa0jGdiylIrpWX4DIT9nAbJ00A==",
        "dependencies": {
          "OpenTelemetry": "1.19.1"
        }
      },
      "OpenTelemetry.Instrumentation.AspNetCore": {
        "type": "Direct",
        "requested": "[1.19.0, )",
        "resolved": "1.19.0",
        "contentHash": "reypo7g0Nzyssg1EkbfWU6W58CVFgtgkSEGrFXtbpA+bNit7HUs7587DOkOdPCgqWr3IL4f6X9B2yhnU6POrFA==",
        "dependencies": {
          "OpenTelemetry.Api.ProviderBuilderExtensions": "[1.19.0, 2.0.0)"
        }
      },
      "OpenTelemetry.Instrumentation.Http": {
        "type": "Direct",
        "requested": "[1.19.0, )",
        "resolved": "1.19.0",
        "contentHash": "+egJpWBRfYP3ldfexV2bmJyzOWkkOPVYikw/vUEtbUvf2exJfY3RGInXrYlubhBIH6rmNEn6sI/FmqenZJwkjw==",
        "dependencies": {
          "OpenTelemetry.Api.ProviderBuilderExtensions": "[1.19.0, 2.0.0)"
        }
      },
      "OpenTelemetry.Instrumentation.Process": {
        "type": "Direct",
        "requested": "[1.10.0-beta.1, )",
        "resolved": "1.10.0-beta.1",
        "contentHash": "XT69kRCIrO4l6tSYHxTLbw0bUBGprdESyEQ4leKOrwt3pdWQ1UCYs1qPFArSrcK6QckUMPOgI1AgpsiFbqRE5w==",
        "dependencies": {
          "OpenTelemetry.Api": "[1.10.0, 2.0.0)"
        }
      },
      "OpenTelemetry.Instrumentation.Runtime": {
        "type": "Direct",
        "requested": "[1.19.0, )",
        "resolved": "1.19.0",
        "contentHash": "VIH2tQ2h31j4wQyZ9Utk8ZXIyj7Z1j0xIiyPRGjYu1MmZjJtpxRh0Y/NnB6fEBimNg/WrX0jDyfMeEjPQqmaMA==",
        "dependencies": {
          "OpenTelemetry.Api": "[1.19.0, 2.0.0)"
        }
      },
      "Refit.HttpClientFactory": {
        "type": "Direct",
        "requested": "[16.1.0, )",
        "resolved": "16.1.0",
        "contentHash": "iDqswfpxL5CEXfHJWRH0NW/eVOZpGh4VKTDwndzTanm73ASBupSg/K/i7Q6F4dZyQ7FspxVMnBZTl7MNOV781w==",
        "dependencies": {
          "ReactiveUI.Primitives": "8.0.0",
          "Refit": "16.1.0"
        }
      },
      "SonarAnalyzer.CSharp": {
        "type": "Direct",
        "requested": "[10.34.0.3385, )",
        "resolved": "10.34.0.3385",
        "contentHash": "FfjaQa9G9xdEyh14AYWeG6vLQ+2PZWkooI/w3cH5aGBGGeWmhjeWS+/luYoJDYgrXMI2ciBj42y6buhJJHO2ow=="
      },
      "StyleCop.Analyzers": {
        "type": "Direct",
        "requested": "[1.2.0-beta.556, )",
        "resolved": "1.2.0-beta.556",
        "contentHash": "llRPgmA1fhC0I0QyFLEcjvtM2239QzKr/tcnbsjArLMJxJlu0AA5G7Fft0OI30pHF3MW63Gf4aSSsjc5m82J1Q==",
        "dependencies": {
          "StyleCop.Analyzers.Unstable": "1.2.0.556"
        }
      },
      "Unicode.net": {
        "type": "Direct",
        "requested": "[2.0.0, )",
        "resolved": "2.0.0",
        "contentHash": "fGf8GapJphDqeqGLp6uwSM/KQ2Sm2Y+KtMcFV0zh/C8eUWaBtIRFPH+FYAokBtgxGLpaCVCLsjQCymPMl4Z1EA=="
      },
      "AspNetCore.HealthChecks.UI.Core": {
        "type": "Transitive",
        "resolved": "9.0.0",
        "contentHash": "TVriy4hgYnhfqz6NAzv8qe62Q8wf82iKUL6WV9selqeFZTq1ILi39Sic6sFQegRysvAVcnxKP/vY8z9Fk8x6XQ=="
      },
      "Discord.Net.Commands": {
        "type": "Transitive",
        "resolved": "3.20.1",
        "contentHash": "aHBGl0DXdGr25JXnLs95J1w+d2AKV5jDSssaa7fbnqkqx4ysGropaRl2h7zmwMMf+osfGh39jzM96fSHqXKzIQ==",
        "dependencies": {
          "Discord.Net.Core": "3.20.1"
        }
      },
      "Discord.Net.Core": {
        "type": "Transitive",
        "resolved": "3.20.1",
        "contentHash": "fgWdbTlcd2ck05OoS03UBd/7kyrgHWATV9o2mvTwReqIB2CCcVPf5Qu8BpUpr3IgGYNHeVg+9J4KnK9DznYT4Q==",
        "dependencies": {
          "Newtonsoft.Json": "13.0.4"
        }
      },
      "Discord.Net.Dave": {
        "type": "Transitive",
        "resolved": "3.20.1",
        "contentHash": "fsHIhE5dRHlihOsqwe3WNjgHiS9Xgh8XJWjsuJ/R1nfiSuGFYrEopF7EFMOpIs9z2aHaGKl8GurA8HP6RHoLWg=="
      },
      "Discord.Net.Interactions": {
        "type": "Transitive",
        "resolved": "3.20.1",
        "contentHash": "beNXMFsKwIW2OlCniG+QRAWvuC1bSypSktvMrhihIug02FgAlZKqcjt/EUHfOnMouOdtUXX0tY7NRKreEFIgEQ==",
        "dependencies": {
          "Discord.Net.Core": "3.20.1",
          "Discord.Net.Rest": "3.20.1"
        }
      },
      "Discord.Net.Rest": {
        "type": "Transitive",
        "resolved": "3.20.1",
        "contentHash": "vAmHwdpotchmz/rPicB2BrYoU2yWmMuFJhqDv/Ywi4nelIo/O7VYzzHD82iNGm3fYnD+2m+dCcZZGGgga3A7wQ==",
        "dependencies": {
          "Discord.Net.Core": "3.20.1"
        }
      },
      "Discord.Net.Webhook": {
        "type": "Transitive",
        "resolved": "3.20.1",
        "contentHash": "HZ37Guk1FMYUmur+G8K3tUQwIst7HJyTziCA7F4F9LsOvluD60YEnz53XqJH+anyFf42t0tQeJFMbaCOy3jIiQ==",
        "dependencies": {
          "Discord.Net.Core": "3.20.1",
          "Discord.Net.Rest": "3.20.1"
        }
      },
      "Discord.Net.WebSocket": {
        "type": "Transitive",
        "resolved": "3.20.1",
        "contentHash": "/JwHnqfAFkEfZ8nO3dKpImGEFG+pYG9KzcGvNYuHYztMsA2r9+bdk0Y1OxncL53zaE3053wq0AtwlXe8+CDfgQ==",
        "dependencies": {
          "Discord.Net.Core": "3.20.1",
          "Discord.Net.Dave": "3.20.1",
          "Discord.Net.Rest": "3.20.1"
        }
      },
      "Microsoft.Extensions.AmbientMetadata.Application": {
        "type": "Transitive",
        "resolved": "10.10.0",
        "contentHash": "Sa4xD2ab5yNRJYt4piS05C9b5Gpd1G3TZpvVJFgHyqLYdRThUNLcLHpREI4yjkmElCjHXoPcF+SHUim9cZ8cvQ=="
      },
      "Microsoft.Extensions.Compliance.Abstractions": {
        "type": "Transitive",
        "resolved": "10.10.0",
        "contentHash": "Sh3ujDRJpCMNY4x+43ljCROt4qBOoWfsL8l816RPYZS1S+Tw277r5002rbB15Sh6hFcCT8mGYBO7NtpfSYrQ0Q=="
      },
      "Microsoft.Extensions.DependencyInjection.AutoActivation": {
        "type": "Transitive",
        "resolved": "10.10.0",
        "contentHash": "AJ2lFnzzJkN2ZRvfPBKQ5k3EJFkhmsm1tEhWzK58KsxU+WK3GVOh/5WHUhQ56TWjnxGZCGgr0+U1QUuJ4rJVuA=="
      },
      "Microsoft.Extensions.Diagnostics.ExceptionSummarization": {
        "type": "Transitive",
        "resolved": "10.10.0",
        "contentHash": "/6C1XjuRYRXst3QUoFnQdL0Q2ZihDlxr8PQ4jei8MyjVRZEGFg+le6N90d/CdpdgIbDz/h8JIKY1psACYDhPRQ=="
      },
      "Microsoft.Extensions.Http.Diagnostics": {
        "type": "Transitive",
        "resolved": "10.10.0",
        "contentHash": "yt9uQJSwh3hJag5NSDGEyWFbPKHaYem0w17TlSgv533NP8Kn56c5si870grJWGSL7aQyeUqxfKvDZxZpFaQUhw==",
        "dependencies": {
          "Microsoft.Extensions.Telemetry": "10.10.0"
        }
      },
      "Microsoft.Extensions.Resilience": {
        "type": "Transitive",
        "resolved": "10.10.0",
        "contentHash": "aYIiuCSqsIqpaqya2JchArkaWibMhiXTNj4+wkjv0s7A/Uy1dvc4MsCPTOtvOU3ffz0+vYRHi7GHcXqynZfdbQ==",
        "dependencies": {
          "Microsoft.Extensions.Diagnostics.ExceptionSummarization": "10.10.0",
          "Microsoft.Extensions.Telemetry.Abstractions": "10.10.0",
          "Polly.Extensions": "8.4.2",
          "Polly.RateLimiting": "8.4.2"
        }
      },
      "Microsoft.Extensions.Telemetry": {
        "type": "Transitive",
        "resolved": "10.10.0",
        "contentHash": "GeJofTliWSVoYAeTfRbnp+TaOUl502yZIcZ+qHFiyOoAIzwTk12eKypnSR9uN2oiHgGW32Y0XN1i+VaQizl0IQ==",
        "dependencies": {
          "Microsoft.Extensions.AmbientMetadata.Application": "10.10.0",
          "Microsoft.Extensions.DependencyInjection.AutoActivation": "10.10.0",
          "Microsoft.Extensions.Telemetry.Abstractions": "10.10.0"
        }
      },
      "Microsoft.Extensions.Telemetry.Abstractions": {
        "type": "Transitive",
        "resolved": "10.10.0",
        "contentHash": "I76SAZ95I5lYh4whVZvLpKhpvHI1o21FfGqiASU85GtIVA4ULv+TVIE5+swKhnC63+xI4XjCcIWa9LbyR3pFNw==",
        "dependencies": {
          "Microsoft.Extensions.Compliance.Abstractions": "10.10.0"
        }
      },
      "Newtonsoft.Json": {
        "type": "Transitive",
        "resolved": "13.0.4",
        "contentHash": "pdgNNMai3zv51W5aq268sujXUyx7SNdE2bj1wZcWjAQrKMFZV260lbqYop1d2GM67JI1huLRwxo9ZqnfF/lC6A=="
      },
      "OpenTelemetry": {
        "type": "Transitive",
        "resolved": "1.19.1",
        "contentHash": "6ywhc3upf+dq8EsOohj7I7zS3l4yX9vfbtFkvyEC8xIUY4Z9iDIOVuke356eCAzIZaWtmwmmyl2UXYCp5n7I3Q==",
        "dependencies": {
          "OpenTelemetry.Api.ProviderBuilderExtensions": "1.19.1"
        }
      },
      "OpenTelemetry.Api": {
        "type": "Transitive",
        "resolved": "1.19.1",
        "contentHash": "9JKIH+xrV0HNTFjQC8zrx9gZpDOMEljN5Htg/U0VE2IvO3N+7bKALCCsGy5tp09marX5dd8UkrgQFoLaulIBRw=="
      },
      "OpenTelemetry.Api.ProviderBuilderExtensions": {
        "type": "Transitive",
        "resolved": "1.19.1",
        "contentHash": "HtGe72B/IhzKqdU0a3fNE5osax/Cegwxd+p4u6lOFy20nsgmeaFuP2NRyFs1WvrOv/bpkII3IvvBkKoZXG8BLg==",
        "dependencies": {
          "OpenTelemetry.Api": "1.19.1"
        }
      },
      "Polly.Core": {
        "type": "Transitive",
        "resolved": "8.4.2",
        "contentHash": "BpE2I6HBYYA5tF0Vn4eoQOGYTYIK1BlF5EXVgkWGn3mqUUjbXAr13J6fZVbp7Q3epRR8yshacBMlsHMhpOiV3g=="
      },
      "Polly.Extensions": {
        "type": "Transitive",
        "resolved": "8.4.2",
        "contentHash": "GZ9vRVmR0jV2JtZavt+pGUsQ1O1cuRKG7R7VOZI6ZDy9y6RNPvRvXK1tuS4ffUrv8L0FTea59oEuQzgS0R7zSA==",
        "dependencies": {
          "Polly.Core": "8.4.2"
        }
      },
      "Polly.RateLimiting": {
        "type": "Transitive",
        "resolved": "8.4.2",
        "contentHash": "ehTImQ/eUyO07VYW2WvwSmU9rRH200SKJ/3jku9rOkyWE0A2JxNFmAVms8dSn49QLSjmjFRRSgfNyOgr/2PSmA==",
        "dependencies": {
          "Polly.Core": "8.4.2"
        }
      },
      "ReactiveUI.Disposables": {
        "type": "Transitive",
        "resolved": "8.0.0",
        "contentHash": "/kdZNJhwm+ehPCaFBGQ0ncgHIWlgA4ElMpfdxQ1ukqx/tFnkTAMVdaQs3IhKA6Ogk1LrA5SimFWCauFuh/dJaA=="
      },
      "ReactiveUI.Primitives": {
        "type": "Transitive",
        "resolved": "8.0.0",
        "contentHash": "/XGecYDWhzwD+kXDbnSsrigzOdBfZsmKGDg091F5VBV2IQ20ebXJHJaMmD1Tchr6wQ5dfx2AoAgsUptAmes28g==",
        "dependencies": {
          "ReactiveUI.Disposables": "8.0.0",
          "ReactiveUI.Primitives.Core": "8.0.0"
        }
      },
      "ReactiveUI.Primitives.Core": {
        "type": "Transitive",
        "resolved": "8.0.0",
        "contentHash": "bQDmkhRifHDn9a3IwMLlEXV2TNr8rPpWnoNLGQ+//SwEN1zRbvsH+927MrXwYrvADLoMdvntTlNx8W/i5TSDrg==",
        "dependencies": {
          "ReactiveUI.Disposables": "8.0.0"
        }
      },
      "Refit": {
        "type": "Transitive",
        "resolved": "16.1.0",
        "contentHash": "VBIuKAptJbYJyLcqqyjOfg9bXhmF7Hq24AsbLRbUbhsTgwWhG0O/A0lyiPu7y9wn/0oe+svEk8SsiVLm59sILw==",
        "dependencies": {
          "ReactiveUI.Primitives": "8.0.0"
        }
      },
      "StyleCop.Analyzers.Unstable": {
        "type": "Transitive",
        "resolved": "1.2.0.556",
        "contentHash": "zvn9Mqs/ox/83cpYPignI8hJEM2A93s2HkHs8HYMOAQW0PkampyoErAiIyKxgTLqbbad29HX/shv/6LGSjPJNQ=="
      }
    }
  }
}