
Microsoft Visual Studio Solution File, Format Version 12.00
# Visual Studio Version 17
VisualStudioVersion = 17.1.32421.90
MinimumVisualStudioVersion = 10.0.40219.1
Project("{9A19103F-16F7-4668-BE54-9A1E7A4F7556}") = "DiscordTranslationBot", "DiscordTranslationBot\DiscordTranslationBot.csproj", "{C9AAF84C-5F51-4CAB-8987-15D2F90DDD6B}"
EndProject
Project("{2150E333-8FDC-42A3-9474-1A3956D46DE8}") = "Solution Items", "Solution Items", "{D4C3AAA2-18E1-4C9A-B9B0-15B4D6F9EF67}"
	ProjectSection(SolutionItems) = preProject
		.gitignore = .gitignore
		LICENSE = LICENSE
		README.md = README.md
		Directory.Build.props = Directory.Build.props
		.editorconfig = .editorconfig
		.dockerignore = .dockerignore
		Dockerfile = Dockerfile
		.gitattributes = .gitattributes
		DiscordTranslationBot.code-workspace = DiscordTranslationBot.code-workspace
	EndProjectSection
EndProject
Project("{2150E333-8FDC-42A3-9474-1A3956D46DE8}") = ".github", ".github", "{FF90D684-1D09-4EB2-BA2F-6FBF9051413B}"
	ProjectSection(SolutionItems) = preProject
		.github\dependabot.yml = .github\dependabot.yml
	EndProjectSection
EndProject
Project("{2150E333-8FDC-42A3-9474-1A3956D46DE8}") = "workflows", "workflows", "{CC1DE220-9E08-4A12-A5C9-F89854491634}"
	ProjectSection(SolutionItems) = preProject
		.github\workflows\build.yml = .github\workflows\build.yml
		.github\workflows\deploy.yml = .github\workflows\deploy.yml
		.github\workflows\test.yml = .github\workflows\test.yml
		.github\workflows\codeql.yml = .github\workflows\codeql.yml
	EndProjectSection
EndProject
Project("{9A19103F-16F7-4668-BE54-9A1E7A4F7556}") = "DiscordTranslationBot.Tests.Unit", "DiscordTranslationBot.Tests.Unit\DiscordTranslationBot.Tests.Unit.csproj", "{37E2BB9E-A9DD-4E58-B538-464335461B13}"
EndProject
Global
	GlobalSection(SolutionConfigurationPlatforms) = preSolution
		Debug|Any CPU = Debug|Any CPU
		Release|Any CPU = Release|Any CPU
	EndGlobalSection
	GlobalSection(ProjectConfigurationPlatforms) = postSolution
		{C9AAF84C-5F51-4CAB-8987-15D2F90DDD6B}.Debug|Any CPU.ActiveCfg = Debug|Any CPU
		{C9AAF84C-5F51-4CAB-8987-15D2F90DDD6B}.Debug|Any CPU.Build.0 = Debug|Any CPU
		{C9AAF84C-5F51-4CAB-8987-15D2F90DDD6B}.Release|Any CPU.ActiveCfg = Release|Any CPU
		{C9AAF84C-5F51-4CAB-8987-15D2F90DDD6B}.Release|Any CPU.Build.0 = Release|Any CPU
		{37E2BB9E-A9DD-4E58-B538-464335461B13}.Debug|Any CPU.ActiveCfg = Debug|Any CPU
		{37E2BB9E-A9DD-4E58-B538-464335461B13}.Debug|Any CPU.Build.0 = Debug|Any CPU
		{37E2BB9E-A9DD-4E58-B538-464335461B13}.Release|Any CPU.ActiveCfg = Release|Any CPU
		{37E2BB9E-A9DD-4E58-B538-464335461B13}.Release|Any CPU.Build.0 = Release|Any CPU
	EndGlobalSection
	GlobalSection(SolutionProperties) = preSolution
		HideSolutionNode = FALSE
	EndGlobalSection
	GlobalSection(NestedProjects) = preSolution
		{FF90D684-1D09-4EB2-BA2F-6FBF9051413B} = {D4C3AAA2-18E1-4C9A-B9B0-15B4D6F9EF67}
		{CC1DE220-9E08-4A12-A5C9-F89854491634} = {FF90D684-1D09-4EB2-BA2F-6FBF9051413B}
	EndGlobalSection
	GlobalSection(ExtensibilityGlobals) = postSolution
		SolutionGuid = {7252E0CF-0199-4577-992E-BF2B7EB22709}
	EndGlobalSection
EndGlobal
